[{<<"cowboy">>,
  {git,"git://github.com/extend/cowboy.git",
       {ref,"0c15b9216b7467390623db84e169b32c68e85bcb"}},
  0},
 {<<"cowlib">>,
  {git,"https://github.com/ninenines/cowlib",
       {ref,"45f750db410a4b08c68d142ad0af839f544c5d3d"}},
  1},
 {<<"goldrush">>,
  {git,"git://github.com/DeadZen/goldrush.git",
       {ref,"212299233c7e7eb63a97be2777e1c05ebaa58dbe"}},
  1},
 {<<"jsone">>,
  {git,"git://github.com/sile/jsone.git",
       {ref,"3c0e76d8bd5ed9f818ca6f1733adec3e2cd31ce2"}},
  0},
 {<<"lager">>,
  {git,"git://github.com/basho/lager.git",
       {ref,"75970de664c5634c577bdedf29c87f58a16893ca"}},
  0},
 {<<"quickrand">>,
  {git,"https://github.com/okeuday/quickrand.git",
       {ref,"de0f2c7657723a223c5f8fc92a388e101697eae3"}},
  1},
 {<<"ranch">>,
  {git,"https://github.com/ninenines/ranch",
       {ref,"a004ad710eddd0c21aaccc30d5633a76b06164b5"}},
  1},
 {<<"uuid">>,
  {git,"git://github.com/okeuday/uuid.git",
       {ref,"1e82caca1568ee374ee8610880141a8d058df5ab"}},
  0}].
